
Microsoft Visual Studio Solution File, Format Version 12.00
# Visual Studio Version 17
VisualStudioVersion = 17.0.31919.166
MinimumVisualStudioVersion = 10.0.40219.1
Project("{2150E333-8FDC-42A3-9474-1A3956D46DE8}") = "01-Input,Processing,andOutput", "01-Input,Processing,andOutput", "{542066C4-EC21-46D0-BB8B-4A7F7B5E432D}"
EndProject
Project("{2150E333-8FDC-42A3-9474-1A3956D46DE8}") = "01_Hello", "01_Hello", "{61EC9C1D-27F4-44A2-9296-30693FB5B1DE}"
EndProject
Project("{9A19103F-16F7-4668-BE54-9A1E7A4F7556}") = "Hello", "Hello\Hello.csproj", "{0AE6D578-184A-4EBC-A37A-29D1425C53C4}"
EndProject
Project("{2150E333-8FDC-42A3-9474-1A3956D46DE8}") = "02_Counting_the_Number_of_Characters", "02_Counting_the_Number_of_Characters", "{55885F8F-1E65-4EDC-9767-2F750B3E9E57}"
EndProject
Project("{9A19103F-16F7-4668-BE54-9A1E7A4F7556}") = "CountTheNumberOFCharacters", "CountTheNumberOFCharacters\CountTheNumberOFCharacters.csproj", "{7052FF76-0E1B-4E15-AD2E-72E39E6F34E3}"
EndProject
Project("{2150E333-8FDC-42A3-9474-1A3956D46DE8}") = "03_Printing_Quote", "03_Printing_Quote", "{A63EC2C9-0054-46DE-B755-2A0F6C16BEC8}"
EndProject
Project("{9A19103F-16F7-4668-BE54-9A1E7A4F7556}") = "PrintingQuote", "PrintingQuote\PrintingQuote.csproj", "{E0EB9473-3193-4F73-9A90-8203802F0E5E}"
EndProject
Project("{2150E333-8FDC-42A3-9474-1A3956D46DE8}") = "04_MadLibs", "04_MadLibs", "{FA8B9BDC-12B7-4C95-A3CE-CF0CE9715CFA}"
EndProject
Project("{9A19103F-16F7-4668-BE54-9A1E7A4F7556}") = "MadLibs", "MadLibs\MadLibs.csproj", "{7C928CAD-E0AD-444E-A92D-BA8B8AAB9399}"
EndProject
Project("{2150E333-8FDC-42A3-9474-1A3956D46DE8}") = "05_SimpleMath", "05_SimpleMath", "{B2F4B3DA-4DB5-446F-B198-2B5F26AB41C9}"
EndProject
Project("{9A19103F-16F7-4668-BE54-9A1E7A4F7556}") = "SimpleMath", "SimpleMath\SimpleMath.csproj", "{CE69E643-B855-4FCC-9556-E906F03CDA53}"
EndProject
Project("{2150E333-8FDC-42A3-9474-1A3956D46DE8}") = "06_Retirement_Calculator", "06_Retirement_Calculator", "{D5B3C71D-3D16-4CF8-B46B-E41ED0A81171}"
EndProject
Project("{9A19103F-16F7-4668-BE54-9A1E7A4F7556}") = "RetirementCalculator", "RetirementCalculator\RetirementCalculator.csproj", "{56A8BF18-B5E2-4583-825A-849EF9FD6E8E}"
EndProject
Project("{2150E333-8FDC-42A3-9474-1A3956D46DE8}") = "07_AreaOfARectangularRoom", "07_AreaOfARectangularRoom", "{E288C2F9-0914-4D54-B64F-C8F5687CE5DD}"
EndProject
Project("{9A19103F-16F7-4668-BE54-9A1E7A4F7556}") = "AreaOfARectangularRoom", "AreaOfARectangularRoom\AreaOfARectangularRoom.csproj", "{7304BC1C-2839-4905-A03F-83C5478BCBDE}"
EndProject
Project("{2150E333-8FDC-42A3-9474-1A3956D46DE8}") = "08_PizzaParty", "08_PizzaParty", "{B0C660CD-CE1A-4843-94A5-79287D71CBCA}"
EndProject
Project("{9A19103F-16F7-4668-BE54-9A1E7A4F7556}") = "PizaParty", "PizaParty\PizaParty.csproj", "{7285C5CC-5874-4C54-9F14-3E8AE42404B8}"
EndProject
Project("{2150E333-8FDC-42A3-9474-1A3956D46DE8}") = "TDDAcademy", "TDDAcademy", "{55C10E54-EF1C-4212-A8C0-30BF72CB5ED4}"
EndProject
Project("{9A19103F-16F7-4668-BE54-9A1E7A4F7556}") = "Academy.Domain.Tests.Unit", "Course.Test\Academy.Domain.Tests.Unit.csproj", "{E16FDCD6-3AFD-4ED3-A39C-4A423BF37C0E}"
EndProject
Project("{9A19103F-16F7-4668-BE54-9A1E7A4F7556}") = "Academy.Domain", "Academy.Domain\Academy.Domain.csproj", "{EF5282D5-A9B5-45B9-826B-F8F4EB3ED491}"
EndProject
Project("{2150E333-8FDC-42A3-9474-1A3956D46DE8}") = "Infrastructure", "Infrastructure", "{889B6F6C-6DA1-495D-8BC4-1E3F56C7DAF7}"
EndProject
Project("{9A19103F-16F7-4668-BE54-9A1E7A4F7556}") = "Academy.Infrastructure.Tests.Unit", "Academy.Infrastructure.Tests.Unit\Academy.Infrastructure.Tests.Unit.csproj", "{95BF5A6E-168D-4E42-91A7-31CB823F966F}"
EndProject
Project("{2150E333-8FDC-42A3-9474-1A3956D46DE8}") = "src", "src", "{FFDF8AFC-5ABD-4FD7-9C99-B71BAFBE17F4}"
EndProject
Project("{2150E333-8FDC-42A3-9474-1A3956D46DE8}") = "tests", "tests", "{E486FB13-2B49-44DC-BC6D-199AFAA0F1D0}"
EndProject
Project("{2150E333-8FDC-42A3-9474-1A3956D46DE8}") = "Domain", "Domain", "{F685A173-24C0-4CA9-8473-47AAFC0D141A}"
EndProject
Project("{9A19103F-16F7-4668-BE54-9A1E7A4F7556}") = "Academy.Infrastructre", "Academy.Infrastructre\Academy.Infrastructre.csproj", "{F93AD468-7929-4FA0-B316-8AE5A0C5CF1D}"
EndProject
Project("{FAE04EC0-301F-11D3-BF4B-00C04F79EFBC}") = "Academy.Application.Tests.Unit", "Academy.Application.Tests.Unit\Academy.Application.Tests.Unit.csproj", "{E1250909-4631-4FFF-9F95-9F2C68A60BB3}"
EndProject
Project("{2150E333-8FDC-42A3-9474-1A3956D46DE8}") = "Application", "Application", "{065D7F4C-B784-43CF-8E66-20A3C3C0A0ED}"
EndProject
Project("{FAE04EC0-301F-11D3-BF4B-00C04F79EFBC}") = "Academy.Application", "Academy.Application\Academy.Application.csproj", "{01755A48-FE1D-4311-B84E-CC79CC792F0F}"
EndProject
Project("{2150E333-8FDC-42A3-9474-1A3956D46DE8}") = "Framework", "Framework", "{B7B570B3-F2CD-4292-B9F7-A5C757A7221B}"
EndProject
Project("{FAE04EC0-301F-11D3-BF4B-00C04F79EFBC}") = "Academy.Framework", "Academy.Framework\Academy.Framework.csproj", "{8E74DE74-0458-4AF8-BC9D-D9E162C93727}"
EndProject
Global
	GlobalSection(SolutionConfigurationPlatforms) = preSolution
		Debug|Any CPU = Debug|Any CPU
		Release|Any CPU = Release|Any CPU
	EndGlobalSection
	GlobalSection(ProjectConfigurationPlatforms) = postSolution
		{0AE6D578-184A-4EBC-A37A-29D1425C53C4}.Debug|Any CPU.ActiveCfg = Debug|Any CPU
		{0AE6D578-184A-4EBC-A37A-29D1425C53C4}.Debug|Any CPU.Build.0 = Debug|Any CPU
		{0AE6D578-184A-4EBC-A37A-29D1425C53C4}.Release|Any CPU.ActiveCfg = Release|Any CPU
		{0AE6D578-184A-4EBC-A37A-29D1425C53C4}.Release|Any CPU.Build.0 = Release|Any CPU
		{7052FF76-0E1B-4E15-AD2E-72E39E6F34E3}.Debug|Any CPU.ActiveCfg = Debug|Any CPU
		{7052FF76-0E1B-4E15-AD2E-72E39E6F34E3}.Debug|Any CPU.Build.0 = Debug|Any CPU
		{7052FF76-0E1B-4E15-AD2E-72E39E6F34E3}.Release|Any CPU.ActiveCfg = Release|Any CPU
		{7052FF76-0E1B-4E15-AD2E-72E39E6F34E3}.Release|Any CPU.Build.0 = Release|Any CPU
		{E0EB9473-3193-4F73-9A90-8203802F0E5E}.Debug|Any CPU.ActiveCfg = Debug|Any CPU
		{E0EB9473-3193-4F73-9A90-8203802F0E5E}.Debug|Any CPU.Build.0 = Debug|Any CPU
		{E0EB9473-3193-4F73-9A90-8203802F0E5E}.Release|Any CPU.ActiveCfg = Release|Any CPU
		{E0EB9473-3193-4F73-9A90-8203802F0E5E}.Release|Any CPU.Build.0 = Release|Any CPU
		{7C928CAD-E0AD-444E-A92D-BA8B8AAB9399}.Debug|Any CPU.ActiveCfg = Debug|Any CPU
		{7C928CAD-E0AD-444E-A92D-BA8B8AAB9399}.Debug|Any CPU.Build.0 = Debug|Any CPU
		{7C928CAD-E0AD-444E-A92D-BA8B8AAB9399}.Release|Any CPU.ActiveCfg = Release|Any CPU
		{7C928CAD-E0AD-444E-A92D-BA8B8AAB9399}.Release|Any CPU.Build.0 = Release|Any CPU
		{CE69E643-B855-4FCC-9556-E906F03CDA53}.Debug|Any CPU.ActiveCfg = Debug|Any CPU
		{CE69E643-B855-4FCC-9556-E906F03CDA53}.Debug|Any CPU.Build.0 = Debug|Any CPU
		{CE69E643-B855-4FCC-9556-E906F03CDA53}.Release|Any CPU.ActiveCfg = Release|Any CPU
		{CE69E643-B855-4FCC-9556-E906F03CDA53}.Release|Any CPU.Build.0 = Release|Any CPU
		{56A8BF18-B5E2-4583-825A-849EF9FD6E8E}.Debug|Any CPU.ActiveCfg = Debug|Any CPU
		{56A8BF18-B5E2-4583-825A-849EF9FD6E8E}.Debug|Any CPU.Build.0 = Debug|Any CPU
		{56A8BF18-B5E2-4583-825A-849EF9FD6E8E}.Release|Any CPU.ActiveCfg = Release|Any CPU
		{56A8BF18-B5E2-4583-825A-849EF9FD6E8E}.Release|Any CPU.Build.0 = Release|Any CPU
		{7304BC1C-2839-4905-A03F-83C5478BCBDE}.Debug|Any CPU.ActiveCfg = Debug|Any CPU
		{7304BC1C-2839-4905-A03F-83C5478BCBDE}.Debug|Any CPU.Build.0 = Debug|Any CPU
		{7304BC1C-2839-4905-A03F-83C5478BCBDE}.Release|Any CPU.ActiveCfg = Release|Any CPU
		{7304BC1C-2839-4905-A03F-83C5478BCBDE}.Release|Any CPU.Build.0 = Release|Any CPU
		{7285C5CC-5874-4C54-9F14-3E8AE42404B8}.Debug|Any CPU.ActiveCfg = Debug|Any CPU
		{7285C5CC-5874-4C54-9F14-3E8AE42404B8}.Debug|Any CPU.Build.0 = Debug|Any CPU
		{7285C5CC-5874-4C54-9F14-3E8AE42404B8}.Release|Any CPU.ActiveCfg = Release|Any CPU
		{7285C5CC-5874-4C54-9F14-3E8AE42404B8}.Release|Any CPU.Build.0 = Release|Any CPU
		{E16FDCD6-3AFD-4ED3-A39C-4A423BF37C0E}.Debug|Any CPU.ActiveCfg = Debug|Any CPU
		{E16FDCD6-3AFD-4ED3-A39C-4A423BF37C0E}.Debug|Any CPU.Build.0 = Debug|Any CPU
		{E16FDCD6-3AFD-4ED3-A39C-4A423BF37C0E}.Release|Any CPU.ActiveCfg = Release|Any CPU
		{E16FDCD6-3AFD-4ED3-A39C-4A423BF37C0E}.Release|Any CPU.Build.0 = Release|Any CPU
		{EF5282D5-A9B5-45B9-826B-F8F4EB3ED491}.Debug|Any CPU.ActiveCfg = Debug|Any CPU
		{EF5282D5-A9B5-45B9-826B-F8F4EB3ED491}.Debug|Any CPU.Build.0 = Debug|Any CPU
		{EF5282D5-A9B5-45B9-826B-F8F4EB3ED491}.Release|Any CPU.ActiveCfg = Release|Any CPU
		{EF5282D5-A9B5-45B9-826B-F8F4EB3ED491}.Release|Any CPU.Build.0 = Release|Any CPU
		{95BF5A6E-168D-4E42-91A7-31CB823F966F}.Debug|Any CPU.ActiveCfg = Debug|Any CPU
		{95BF5A6E-168D-4E42-91A7-31CB823F966F}.Debug|Any CPU.Build.0 = Debug|Any CPU
		{95BF5A6E-168D-4E42-91A7-31CB823F966F}.Release|Any CPU.ActiveCfg = Release|Any CPU
		{95BF5A6E-168D-4E42-91A7-31CB823F966F}.Release|Any CPU.Build.0 = Release|Any CPU
		{F93AD468-7929-4FA0-B316-8AE5A0C5CF1D}.Debug|Any CPU.ActiveCfg = Debug|Any CPU
		{F93AD468-7929-4FA0-B316-8AE5A0C5CF1D}.Debug|Any CPU.Build.0 = Debug|Any CPU
		{F93AD468-7929-4FA0-B316-8AE5A0C5CF1D}.Release|Any CPU.ActiveCfg = Release|Any CPU
		{F93AD468-7929-4FA0-B316-8AE5A0C5CF1D}.Release|Any CPU.Build.0 = Release|Any CPU
		{E1250909-4631-4FFF-9F95-9F2C68A60BB3}.Debug|Any CPU.ActiveCfg = Debug|Any CPU
		{E1250909-4631-4FFF-9F95-9F2C68A60BB3}.Debug|Any CPU.Build.0 = Debug|Any CPU
		{E1250909-4631-4FFF-9F95-9F2C68A60BB3}.Release|Any CPU.ActiveCfg = Release|Any CPU
		{E1250909-4631-4FFF-9F95-9F2C68A60BB3}.Release|Any CPU.Build.0 = Release|Any CPU
		{01755A48-FE1D-4311-B84E-CC79CC792F0F}.Debug|Any CPU.ActiveCfg = Debug|Any CPU
		{01755A48-FE1D-4311-B84E-CC79CC792F0F}.Debug|Any CPU.Build.0 = Debug|Any CPU
		{01755A48-FE1D-4311-B84E-CC79CC792F0F}.Release|Any CPU.ActiveCfg = Release|Any CPU
		{01755A48-FE1D-4311-B84E-CC79CC792F0F}.Release|Any CPU.Build.0 = Release|Any CPU
		{8E74DE74-0458-4AF8-BC9D-D9E162C93727}.Debug|Any CPU.ActiveCfg = Debug|Any CPU
		{8E74DE74-0458-4AF8-BC9D-D9E162C93727}.Debug|Any CPU.Build.0 = Debug|Any CPU
		{8E74DE74-0458-4AF8-BC9D-D9E162C93727}.Release|Any CPU.ActiveCfg = Release|Any CPU
		{8E74DE74-0458-4AF8-BC9D-D9E162C93727}.Release|Any CPU.Build.0 = Release|Any CPU
	EndGlobalSection
	GlobalSection(SolutionProperties) = preSolution
		HideSolutionNode = FALSE
	EndGlobalSection
	GlobalSection(NestedProjects) = preSolution
		{61EC9C1D-27F4-44A2-9296-30693FB5B1DE} = {542066C4-EC21-46D0-BB8B-4A7F7B5E432D}
		{0AE6D578-184A-4EBC-A37A-29D1425C53C4} = {61EC9C1D-27F4-44A2-9296-30693FB5B1DE}
		{55885F8F-1E65-4EDC-9767-2F750B3E9E57} = {542066C4-EC21-46D0-BB8B-4A7F7B5E432D}
		{7052FF76-0E1B-4E15-AD2E-72E39E6F34E3} = {55885F8F-1E65-4EDC-9767-2F750B3E9E57}
		{A63EC2C9-0054-46DE-B755-2A0F6C16BEC8} = {542066C4-EC21-46D0-BB8B-4A7F7B5E432D}
		{E0EB9473-3193-4F73-9A90-8203802F0E5E} = {A63EC2C9-0054-46DE-B755-2A0F6C16BEC8}
		{FA8B9BDC-12B7-4C95-A3CE-CF0CE9715CFA} = {542066C4-EC21-46D0-BB8B-4A7F7B5E432D}
		{7C928CAD-E0AD-444E-A92D-BA8B8AAB9399} = {FA8B9BDC-12B7-4C95-A3CE-CF0CE9715CFA}
		{B2F4B3DA-4DB5-446F-B198-2B5F26AB41C9} = {542066C4-EC21-46D0-BB8B-4A7F7B5E432D}
		{CE69E643-B855-4FCC-9556-E906F03CDA53} = {B2F4B3DA-4DB5-446F-B198-2B5F26AB41C9}
		{D5B3C71D-3D16-4CF8-B46B-E41ED0A81171} = {542066C4-EC21-46D0-BB8B-4A7F7B5E432D}
		{56A8BF18-B5E2-4583-825A-849EF9FD6E8E} = {D5B3C71D-3D16-4CF8-B46B-E41ED0A81171}
		{E288C2F9-0914-4D54-B64F-C8F5687CE5DD} = {542066C4-EC21-46D0-BB8B-4A7F7B5E432D}
		{7304BC1C-2839-4905-A03F-83C5478BCBDE} = {E288C2F9-0914-4D54-B64F-C8F5687CE5DD}
		{B0C660CD-CE1A-4843-94A5-79287D71CBCA} = {542066C4-EC21-46D0-BB8B-4A7F7B5E432D}
		{7285C5CC-5874-4C54-9F14-3E8AE42404B8} = {B0C660CD-CE1A-4843-94A5-79287D71CBCA}
		{E16FDCD6-3AFD-4ED3-A39C-4A423BF37C0E} = {E486FB13-2B49-44DC-BC6D-199AFAA0F1D0}
		{EF5282D5-A9B5-45B9-826B-F8F4EB3ED491} = {F685A173-24C0-4CA9-8473-47AAFC0D141A}
		{889B6F6C-6DA1-495D-8BC4-1E3F56C7DAF7} = {FFDF8AFC-5ABD-4FD7-9C99-B71BAFBE17F4}
		{95BF5A6E-168D-4E42-91A7-31CB823F966F} = {E486FB13-2B49-44DC-BC6D-199AFAA0F1D0}
		{FFDF8AFC-5ABD-4FD7-9C99-B71BAFBE17F4} = {55C10E54-EF1C-4212-A8C0-30BF72CB5ED4}
		{E486FB13-2B49-44DC-BC6D-199AFAA0F1D0} = {55C10E54-EF1C-4212-A8C0-30BF72CB5ED4}
		{F685A173-24C0-4CA9-8473-47AAFC0D141A} = {FFDF8AFC-5ABD-4FD7-9C99-B71BAFBE17F4}
		{F93AD468-7929-4FA0-B316-8AE5A0C5CF1D} = {889B6F6C-6DA1-495D-8BC4-1E3F56C7DAF7}
		{E1250909-4631-4FFF-9F95-9F2C68A60BB3} = {E486FB13-2B49-44DC-BC6D-199AFAA0F1D0}
		{065D7F4C-B784-43CF-8E66-20A3C3C0A0ED} = {FFDF8AFC-5ABD-4FD7-9C99-B71BAFBE17F4}
		{01755A48-FE1D-4311-B84E-CC79CC792F0F} = {065D7F4C-B784-43CF-8E66-20A3C3C0A0ED}
		{B7B570B3-F2CD-4292-B9F7-A5C757A7221B} = {FFDF8AFC-5ABD-4FD7-9C99-B71BAFBE17F4}
		{8E74DE74-0458-4AF8-BC9D-D9E162C93727} = {B7B570B3-F2CD-4292-B9F7-A5C757A7221B}
	EndGlobalSection
	GlobalSection(ExtensibilityGlobals) = postSolution
		SolutionGuid = {F94DA663-53D1-4278-9709-52C87F276CE5}
	EndGlobalSection
EndGlobal
